// !$*UTF8*$!
{
	archiveVersion = 1;
	classes = {
	};
	objectVersion = 50;
	objects = {

/* Begin PBXBuildFile section */
		04D98CC0606F62BFC621F8C8 /* DependencyProviderRegistry.swift in Sources */ = {isa = PBXBuildFile; fileRef = 87A66639509DF773BA879D0F /* DependencyProviderRegistry.swift */; };
		0BC7683F081E6D3366631530 /* PluginExtensionProviderRegistry.swift in Sources */ = {isa = PBXBuildFile; fileRef = CEBF8C0A7154697E4A113DE4 /* PluginExtensionProviderRegistry.swift */; };
		18D9B470591D7C8DD5EC1448 /* NonCoreComponent.swift in Sources */ = {isa = PBXBuildFile; fileRef = A2FAF71C424C11CCEEF17EA0 /* NonCoreComponent.swift */; };
		3EC339F85F7306D4457E310D /* PluginizedScopeLifecycle.swift in Sources */ = {isa = PBXBuildFile; fileRef = 18F2B7D7D8FF93FF1F6860C9 /* PluginizedScopeLifecycle.swift */; };
		BF695C07E557FFA318238AAF /* Component.swift in Sources */ = {isa = PBXBuildFile; fileRef = B587CC8A090F07D3CB3CBA27 /* Component.swift */; };
		CD1139339ADFAB8408420B2A /* PluginizedComponent.swift in Sources */ = {isa = PBXBuildFile; fileRef = 9495ADE31B3D4866C72F10B4 /* PluginizedComponent.swift */; };
		D98B0857C4AE8169DF4B6F7F /* Bootstrap.swift in Sources */ = {isa = PBXBuildFile; fileRef = FF0CE5EBD0521976FF90EACE /* Bootstrap.swift */; };
/* End PBXBuildFile section */

/* Begin PBXCopyFilesBuildPhase section */
		019467AD9368DB4C9DC52C0D /* Embed Frameworks */ = {
			isa = PBXCopyFilesBuildPhase;
			buildActionMask = 2147483647;
			dstPath = "";
			dstSubfolderSpec = 10;
			files = (
			);
			name = "Embed Frameworks";
			runOnlyForDeploymentPostprocessing = 0;
		};
/* End PBXCopyFilesBuildPhase section */

/* Begin PBXFileReference section */
		13C9949D24FDE602E009E0AD /* NeedleFoundation_ios-Info.plist */ = {isa = PBXFileReference; lastKnownFileType = text.plist; path = "NeedleFoundation_ios-Info.plist"; sourceTree = "<group>"; };
		18F2B7D7D8FF93FF1F6860C9 /* PluginizedScopeLifecycle.swift */ = {isa = PBXFileReference; lastKnownFileType = sourcecode.swift; path = PluginizedScopeLifecycle.swift; sourceTree = "<group>"; };
		87A66639509DF773BA879D0F /* DependencyProviderRegistry.swift */ = {isa = PBXFileReference; lastKnownFileType = sourcecode.swift; path = DependencyProviderRegistry.swift; sourceTree = "<group>"; };
		9495ADE31B3D4866C72F10B4 /* PluginizedComponent.swift */ = {isa = PBXFileReference; lastKnownFileType = sourcecode.swift; path = PluginizedComponent.swift; sourceTree = "<group>"; };
		A2FAF71C424C11CCEEF17EA0 /* NonCoreComponent.swift */ = {isa = PBXFileReference; lastKnownFileType = sourcecode.swift; path = NonCoreComponent.swift; sourceTree = "<group>"; };
		B587CC8A090F07D3CB3CBA27 /* Component.swift */ = {isa = PBXFileReference; lastKnownFileType = sourcecode.swift; path = Component.swift; sourceTree = "<group>"; };
		C9FE9402AE3FCD8834C0DAC9 /* NeedleFoundation.framework */ = {isa = PBXFileReference; explicitFileType = wrapper.framework; includeInIndex = 0; path = NeedleFoundation.framework; sourceTree = BUILT_PRODUCTS_DIR; };
		CEBF8C0A7154697E4A113DE4 /* PluginExtensionProviderRegistry.swift */ = {isa = PBXFileReference; lastKnownFileType = sourcecode.swift; path = PluginExtensionProviderRegistry.swift; sourceTree = "<group>"; };
		FF0CE5EBD0521976FF90EACE /* Bootstrap.swift */ = {isa = PBXFileReference; lastKnownFileType = sourcecode.swift; path = Bootstrap.swift; sourceTree = "<group>"; };
/* End PBXFileReference section */

/* Begin PBXFrameworksBuildPhase section */
		3E97C83E77342EC95FB40E60 /* Frameworks */ = {
			isa = PBXFrameworksBuildPhase;
			buildActionMask = 2147483647;
			files = (
			);
			runOnlyForDeploymentPostprocessing = 0;
		};
/* End PBXFrameworksBuildPhase section */

/* Begin PBXGroup section */
		0D70D93AC253CBC782315EFB /* Frameworks */ = {
			isa = PBXGroup;
			children = (
			);
			name = Frameworks;
			sourceTree = "<group>";
		};
		1E595956AD102C084CE19F37 /* NeedleFoundation */ = {
			isa = PBXGroup;
			children = (
				F14CABB3B6E31D500B3371DC /* Internal */,
				4B81F4209A4941C336C451DB /* Pluginized */,
				FF0CE5EBD0521976FF90EACE /* Bootstrap.swift */,
				B587CC8A090F07D3CB3CBA27 /* Component.swift */,
			);
			path = NeedleFoundation;
			sourceTree = "<group>";
		};
		3813EC10CEA37102563EA9EF /* Project */ = {
			isa = PBXGroup;
			children = (
				C0A164114F47BA053562A169 /* Derived */,
				AC9B232B3DDED7D80F7A7D81 /* Sources */,
			);
			name = Project;
			sourceTree = "<group>";
		};
		4B81F4209A4941C336C451DB /* Pluginized */ = {
			isa = PBXGroup;
			children = (
				8AEE8F6A3D4B2D648C5001A8 /* Internal */,
				A2FAF71C424C11CCEEF17EA0 /* NonCoreComponent.swift */,
				9495ADE31B3D4866C72F10B4 /* PluginizedComponent.swift */,
				18F2B7D7D8FF93FF1F6860C9 /* PluginizedScopeLifecycle.swift */,
			);
			path = Pluginized;
			sourceTree = "<group>";
		};
		4C8DE94E30E9459CF5C56E63 /* Products */ = {
			isa = PBXGroup;
			children = (
				C9FE9402AE3FCD8834C0DAC9 /* NeedleFoundation.framework */,
			);
			name = Products;
			sourceTree = "<group>";
		};
		8AEE8F6A3D4B2D648C5001A8 /* Internal */ = {
			isa = PBXGroup;
			children = (
				CEBF8C0A7154697E4A113DE4 /* PluginExtensionProviderRegistry.swift */,
			);
			path = Internal;
			sourceTree = "<group>";
		};
		9CDE8F684AFE12F4526EF6EA = {
			isa = PBXGroup;
			children = (
				3813EC10CEA37102563EA9EF /* Project */,
				0D70D93AC253CBC782315EFB /* Frameworks */,
				4C8DE94E30E9459CF5C56E63 /* Products */,
			);
			sourceTree = "<group>";
		};
		AC9B232B3DDED7D80F7A7D81 /* Sources */ = {
			isa = PBXGroup;
			children = (
				1E595956AD102C084CE19F37 /* NeedleFoundation */,
			);
			path = Sources;
			sourceTree = "<group>";
		};
		C0A164114F47BA053562A169 /* Derived */ = {
			isa = PBXGroup;
			children = (
				CA86BE5D6A1E51F9AA87B178 /* InfoPlists */,
			);
			path = Derived;
			sourceTree = "<group>";
		};
		CA86BE5D6A1E51F9AA87B178 /* InfoPlists */ = {
			isa = PBXGroup;
			children = (
				13C9949D24FDE602E009E0AD /* NeedleFoundation_ios-Info.plist */,
			);
			path = InfoPlists;
			sourceTree = "<group>";
		};
		F14CABB3B6E31D500B3371DC /* Internal */ = {
			isa = PBXGroup;
			children = (
				87A66639509DF773BA879D0F /* DependencyProviderRegistry.swift */,
			);
			path = Internal;
			sourceTree = "<group>";
		};
/* End PBXGroup section */

/* Begin PBXNativeTarget section */
		2294EC9F1410656B7EE44002 /* NeedleFoundation_ios */ = {
			isa = PBXNativeTarget;
			buildConfigurationList = 3EAE4E5DA4262F2A6DD68080 /* Build configuration list for PBXNativeTarget "NeedleFoundation_ios" */;
			buildPhases = (
				0E390B1971F4FF5A0F9C39A5 /* Sources */,
				1F785A4B35B4CC097F79F96F /* Resources */,
				019467AD9368DB4C9DC52C0D /* Embed Frameworks */,
				3E97C83E77342EC95FB40E60 /* Frameworks */,
			);
			buildRules = (
			);
			dependencies = (
			);
			name = NeedleFoundation_ios;
			productName = NeedleFoundation;
			productReference = C9FE9402AE3FCD8834C0DAC9 /* NeedleFoundation.framework */;
			productType = "com.apple.product-type.framework";
		};
/* End PBXNativeTarget section */

/* Begin PBXProject section */
		35F378DF4FFE49607B90CF19 /* Project object */ = {
			isa = PBXProject;
			attributes = {
				LastUpgradeCheck = 9999;
				TargetAttributes = {
				};
			};
			buildConfigurationList = 95A2A12689287AB545FE2ECC /* Build configuration list for PBXProject "NeedleFoundation" */;
			compatibilityVersion = "Xcode 13.0";
			developmentRegion = en;
			hasScannedForEncodings = 0;
			knownRegions = (
				Base,
				en,
			);
			mainGroup = 9CDE8F684AFE12F4526EF6EA;
			productRefGroup = 4C8DE94E30E9459CF5C56E63 /* Products */;
			projectDirPath = "";
			projectRoot = "";
			targets = (
				2294EC9F1410656B7EE44002 /* NeedleFoundation_ios */,
			);
		};
/* End PBXProject section */

/* Begin PBXResourcesBuildPhase section */
		1F785A4B35B4CC097F79F96F /* Resources */ = {
			isa = PBXResourcesBuildPhase;
			buildActionMask = 2147483647;
			files = (
			);
			runOnlyForDeploymentPostprocessing = 0;
		};
/* End PBXResourcesBuildPhase section */

/* Begin PBXSourcesBuildPhase section */
		0E390B1971F4FF5A0F9C39A5 /* Sources */ = {
			isa = PBXSourcesBuildPhase;
			buildActionMask = 2147483647;
			files = (
				D98B0857C4AE8169DF4B6F7F /* Bootstrap.swift in Sources */,
				BF695C07E557FFA318238AAF /* Component.swift in Sources */,
				04D98CC0606F62BFC621F8C8 /* DependencyProviderRegistry.swift in Sources */,
				0BC7683F081E6D3366631530 /* PluginExtensionProviderRegistry.swift in Sources */,
				18D9B470591D7C8DD5EC1448 /* NonCoreComponent.swift in Sources */,
				CD1139339ADFAB8408420B2A /* PluginizedComponent.swift in Sources */,
				3EC339F85F7306D4457E310D /* PluginizedScopeLifecycle.swift in Sources */,
			);
			runOnlyForDeploymentPostprocessing = 0;
		};
/* End PBXSourcesBuildPhase section */

/* Begin XCBuildConfiguration section */
		30527B1A58287AD2C70F8A79 /* Release */ = {
			isa = XCBuildConfiguration;
			buildSettings = {
				ALWAYS_SEARCH_USER_PATHS = NO;
				CLANG_ANALYZER_LOCALIZABILITY_NONLOCALIZED = YES;
				CLANG_ANALYZER_NONNULL = YES;
				CLANG_ANALYZER_NUMBER_OBJECT_CONVERSION = YES_AGGRESSIVE;
				CLANG_CXX_LANGUAGE_STANDARD = "gnu++14";
				CLANG_CXX_LIBRARY = "libc++";
				CLANG_ENABLE_MODULES = YES;
				CLANG_ENABLE_OBJC_ARC = YES;
				CLANG_ENABLE_OBJC_WEAK = YES;
				CLANG_WARN_BLOCK_CAPTURE_AUTORELEASING = YES;
				CLANG_WARN_BOOL_CONVERSION = YES;
				CLANG_WARN_COMMA = YES;
				CLANG_WARN_CONSTANT_CONVERSION = YES;
				CLANG_WARN_DEPRECATED_OBJC_IMPLEMENTATIONS = YES;
				CLANG_WARN_DIRECT_OBJC_ISA_USAGE = YES_ERROR;
				CLANG_WARN_DOCUMENTATION_COMMENTS = YES;
				CLANG_WARN_EMPTY_BODY = YES;
				CLANG_WARN_ENUM_CONVERSION = YES;
				CLANG_WARN_INFINITE_RECURSION = YES;
				CLANG_WARN_INT_CONVERSION = YES;
				CLANG_WARN_NON_LITERAL_NULL_CONVERSION = YES;
				CLANG_WARN_OBJC_IMPLICIT_RETAIN_SELF = YES;
				CLANG_WARN_OBJC_LITERAL_CONVERSION = YES;
				CLANG_WARN_OBJC_ROOT_CLASS = YES_ERROR;
				CLANG_WARN_QUOTED_INCLUDE_IN_FRAMEWORK_HEADER = YES;
				CLANG_WARN_RANGE_LOOP_ANALYSIS = YES;
				CLANG_WARN_STRICT_PROTOTYPES = YES;
				CLANG_WARN_SUSPICIOUS_MOVE = YES;
				CLANG_WARN_UNGUARDED_AVAILABILITY = YES_AGGRESSIVE;
				CLANG_WARN_UNREACHABLE_CODE = YES;
				CLANG_WARN__DUPLICATE_METHOD_MATCH = YES;
				COPY_PHASE_STRIP = NO;
				DEAD_CODE_STRIPPING = YES;
				DEBUG_INFORMATION_FORMAT = "dwarf-with-dsym";
				ENABLE_NS_ASSERTIONS = NO;
				ENABLE_STRICT_OBJC_MSGSEND = YES;
				GCC_C_LANGUAGE_STANDARD = gnu11;
				GCC_NO_COMMON_BLOCKS = YES;
				GCC_WARN_64_TO_32_BIT_CONVERSION = YES;
				GCC_WARN_ABOUT_RETURN_TYPE = YES_ERROR;
				GCC_WARN_UNDECLARED_SELECTOR = YES;
				GCC_WARN_UNINITIALIZED_AUTOS = YES_AGGRESSIVE;
				GCC_WARN_UNUSED_FUNCTION = YES;
				GCC_WARN_UNUSED_VARIABLE = YES;
				MTL_ENABLE_DEBUG_INFO = NO;
				PRODUCT_NAME = "$(TARGET_NAME)";
				SWIFT_VERSION = 5.0.0;
				VALIDATE_PRODUCT = YES;
			};
			name = Release;
		};
		80AAF62CBA6E8A833A7601D9 /* UITesting */ = {
			isa = XCBuildConfiguration;
			buildSettings = {
				ALWAYS_SEARCH_USER_PATHS = NO;
				CLANG_ANALYZER_LOCALIZABILITY_NONLOCALIZED = YES;
				CLANG_ANALYZER_NONNULL = YES;
				CLANG_ANALYZER_NUMBER_OBJECT_CONVERSION = YES_AGGRESSIVE;
				CLANG_CXX_LANGUAGE_STANDARD = "gnu++14";
				CLANG_CXX_LIBRARY = "libc++";
				CLANG_ENABLE_MODULES = YES;
				CLANG_ENABLE_OBJC_ARC = YES;
				CLANG_ENABLE_OBJC_WEAK = YES;
				CLANG_WARN_BLOCK_CAPTURE_AUTORELEASING = YES;
				CLANG_WARN_BOOL_CONVERSION = YES;
				CLANG_WARN_COMMA = YES;
				CLANG_WARN_CONSTANT_CONVERSION = YES;
				CLANG_WARN_DEPRECATED_OBJC_IMPLEMENTATIONS = YES;
				CLANG_WARN_DIRECT_OBJC_ISA_USAGE = YES_ERROR;
				CLANG_WARN_DOCUMENTATION_COMMENTS = YES;
				CLANG_WARN_EMPTY_BODY = YES;
				CLANG_WARN_ENUM_CONVERSION = YES;
				CLANG_WARN_INFINITE_RECURSION = YES;
				CLANG_WARN_INT_CONVERSION = YES;
				CLANG_WARN_NON_LITERAL_NULL_CONVERSION = YES;
				CLANG_WARN_OBJC_IMPLICIT_RETAIN_SELF = YES;
				CLANG_WARN_OBJC_LITERAL_CONVERSION = YES;
				CLANG_WARN_OBJC_ROOT_CLASS = YES_ERROR;
				CLANG_WARN_QUOTED_INCLUDE_IN_FRAMEWORK_HEADER = YES;
				CLANG_WARN_RANGE_LOOP_ANALYSIS = YES;
				CLANG_WARN_STRICT_PROTOTYPES = YES;
				CLANG_WARN_SUSPICIOUS_MOVE = YES;
				CLANG_WARN_UNGUARDED_AVAILABILITY = YES_AGGRESSIVE;
				CLANG_WARN_UNREACHABLE_CODE = YES;
				CLANG_WARN__DUPLICATE_METHOD_MATCH = YES;
				COPY_PHASE_STRIP = NO;
				DEAD_CODE_STRIPPING = YES;
				DEBUG_INFORMATION_FORMAT = dwarf;
				ENABLE_STRICT_OBJC_MSGSEND = YES;
				ENABLE_TESTABILITY = YES;
				GCC_C_LANGUAGE_STANDARD = gnu11;
				GCC_DYNAMIC_NO_PIC = NO;
				GCC_NO_COMMON_BLOCKS = YES;
				GCC_OPTIMIZATION_LEVEL = 0;
				GCC_PREPROCESSOR_DEFINITIONS = (
					"DEBUG=1",
					"$(inherited)",
				);
				GCC_WARN_64_TO_32_BIT_CONVERSION = YES;
				GCC_WARN_ABOUT_RETURN_TYPE = YES_ERROR;
				GCC_WARN_UNDECLARED_SELECTOR = YES;
				GCC_WARN_UNINITIALIZED_AUTOS = YES_AGGRESSIVE;
				GCC_WARN_UNUSED_FUNCTION = YES;
				GCC_WARN_UNUSED_VARIABLE = YES;
				MTL_ENABLE_DEBUG_INFO = YES;
				ONLY_ACTIVE_ARCH = YES;
				PRODUCT_NAME = "$(TARGET_NAME)";
				SWIFT_VERSION = 5.0.0;
			};
			name = UITesting;
		};
		BE289C69CAE1562729439FF1 /* Debug */ = {
			isa = XCBuildConfiguration;
			buildSettings = {
				ALWAYS_SEARCH_USER_PATHS = YES;
				CLANG_ENABLE_OBJC_WEAK = NO;
				CLANG_WARN_QUOTED_INCLUDE_IN_FRAMEWORK_HEADER = NO;
				CODE_SIGN_IDENTITY = "";
				CURRENT_PROJECT_VERSION = 1;
				DEFINES_MODULE = YES;
				DYLIB_COMPATIBILITY_VERSION = 1;
				DYLIB_CURRENT_VERSION = 1;
				DYLIB_INSTALL_NAME_BASE = "@rpath";
				ENABLE_STRICT_OBJC_MSGSEND = NO;
				FRAMEWORK_SEARCH_PATHS = (
					"$(inherited)",
					"$(PLATFORM_DIR)/Developer/Library/Frameworks",
				);
				GCC_NO_COMMON_BLOCKS = NO;
				GCC_PREPROCESSOR_DEFINITIONS = (
					"$(inherited)",
					"SWIFT_PACKAGE=1",
				);
				GCC_WARN_INHIBIT_ALL_WARNINGS = YES;
				INFOPLIST_FILE = "Derived/InfoPlists/NeedleFoundation_ios-Info.plist";
				INSTALL_PATH = "$(LOCAL_LIBRARY_DIR)/Frameworks";
				IPHONEOS_DEPLOYMENT_TARGET = 11.0;
				LD_RUNPATH_SEARCH_PATHS = (
					"$(inherited)",
					"@executable_path/Frameworks",
					"@loader_path/Frameworks",
				);
				MACH_O_TYPE = staticlib;
				PRODUCT_BUNDLE_IDENTIFIER = NeedleFoundation;
				PRODUCT_NAME = NeedleFoundation;
				SDKROOT = iphoneos;
				SKIP_INSTALL = YES;
				SUPPORTS_MACCATALYST = NO;
				SUPPORTS_MAC_DESIGNED_FOR_IPHONE_IPAD = YES;
				SWIFT_ACTIVE_COMPILATION_CONDITIONS = (
					"$(inherited)",
					DEBUG,
					SWIFT_PACKAGE,
				);
				SWIFT_COMPILATION_MODE = singlefile;
				SWIFT_OPTIMIZATION_LEVEL = "-Onone";
				SWIFT_SUPPRESS_WARNINGS = YES;
				TARGETED_DEVICE_FAMILY = "1,2";
				USE_HEADERMAP = NO;
				VERSIONING_SYSTEM = "apple-generic";
				VERSION_INFO_PREFIX = "";
			};
			name = Debug;
		};
		C4576CA7CB6F3BA0C7BF5AB8 /* Release */ = {
			isa = XCBuildConfiguration;
			buildSettings = {
				ALWAYS_SEARCH_USER_PATHS = YES;
				CLANG_ENABLE_OBJC_WEAK = NO;
				CLANG_WARN_QUOTED_INCLUDE_IN_FRAMEWORK_HEADER = NO;
				CODE_SIGN_IDENTITY = "";
				CURRENT_PROJECT_VERSION = 1;
				DEFINES_MODULE = YES;
				DYLIB_COMPATIBILITY_VERSION = 1;
				DYLIB_CURRENT_VERSION = 1;
				DYLIB_INSTALL_NAME_BASE = "@rpath";
				ENABLE_STRICT_OBJC_MSGSEND = NO;
				FRAMEWORK_SEARCH_PATHS = (
					"$(inherited)",
					"$(PLATFORM_DIR)/Developer/Library/Frameworks",
				);
				GCC_NO_COMMON_BLOCKS = NO;
				GCC_PREPROCESSOR_DEFINITIONS = (
					"$(inherited)",
					"SWIFT_PACKAGE=1",
				);
				GCC_WARN_INHIBIT_ALL_WARNINGS = YES;
				INFOPLIST_FILE = "Derived/InfoPlists/NeedleFoundation_ios-Info.plist";
				INSTALL_PATH = "$(LOCAL_LIBRARY_DIR)/Frameworks";
				IPHONEOS_DEPLOYMENT_TARGET = 11.0;
				LD_RUNPATH_SEARCH_PATHS = (
					"$(inherited)",
					"@executable_path/Frameworks",
					"@loader_path/Frameworks",
				);
				MACH_O_TYPE = staticlib;
				PRODUCT_BUNDLE_IDENTIFIER = NeedleFoundation;
				PRODUCT_NAME = NeedleFoundation;
				SDKROOT = iphoneos;
				SKIP_INSTALL = YES;
				SUPPORTS_MACCATALYST = NO;
				SUPPORTS_MAC_DESIGNED_FOR_IPHONE_IPAD = YES;
				SWIFT_ACTIVE_COMPILATION_CONDITIONS = (
					"$(inherited)",
					SWIFT_PACKAGE,
				);
				SWIFT_COMPILATION_MODE = wholemodule;
				SWIFT_OPTIMIZATION_LEVEL = "-Owholemodule";
				SWIFT_SUPPRESS_WARNINGS = YES;
				TARGETED_DEVICE_FAMILY = "1,2";
				USE_HEADERMAP = NO;
				VERSIONING_SYSTEM = "apple-generic";
				VERSION_INFO_PREFIX = "";
			};
			name = Release;
		};
		DA361727EE7423A5F845B400 /* UITesting */ = {
			isa = XCBuildConfiguration;
			buildSettings = {
				ALWAYS_SEARCH_USER_PATHS = YES;
				CLANG_ENABLE_OBJC_WEAK = NO;
				CLANG_WARN_QUOTED_INCLUDE_IN_FRAMEWORK_HEADER = NO;
				CODE_SIGN_IDENTITY = "";
				CURRENT_PROJECT_VERSION = 1;
				DEFINES_MODULE = YES;
				DYLIB_COMPATIBILITY_VERSION = 1;
				DYLIB_CURRENT_VERSION = 1;
				DYLIB_INSTALL_NAME_BASE = "@rpath";
				ENABLE_STRICT_OBJC_MSGSEND = NO;
				FRAMEWORK_SEARCH_PATHS = (
					"$(inherited)",
					"$(PLATFORM_DIR)/Developer/Library/Frameworks",
				);
				GCC_NO_COMMON_BLOCKS = NO;
				GCC_PREPROCESSOR_DEFINITIONS = (
					"$(inherited)",
					"SWIFT_PACKAGE=1",
				);
				GCC_WARN_INHIBIT_ALL_WARNINGS = YES;
				INFOPLIST_FILE = "Derived/InfoPlists/NeedleFoundation_ios-Info.plist";
				INSTALL_PATH = "$(LOCAL_LIBRARY_DIR)/Frameworks";
				IPHONEOS_DEPLOYMENT_TARGET = 11.0;
				LD_RUNPATH_SEARCH_PATHS = (
					"$(inherited)",
					"@executable_path/Frameworks",
					"@loader_path/Frameworks",
				);
				MACH_O_TYPE = staticlib;
				PRODUCT_BUNDLE_IDENTIFIER = NeedleFoundation;
				PRODUCT_NAME = NeedleFoundation;
				SDKROOT = iphoneos;
				SKIP_INSTALL = YES;
				SUPPORTS_MACCATALYST = NO;
				SUPPORTS_MAC_DESIGNED_FOR_IPHONE_IPAD = YES;
				SWIFT_ACTIVE_COMPILATION_CONDITIONS = (
					"$(inherited)",
					DEBUG,
					SWIFT_PACKAGE,
				);
				SWIFT_COMPILATION_MODE = singlefile;
				SWIFT_OPTIMIZATION_LEVEL = "-Onone";
				SWIFT_SUPPRESS_WARNINGS = YES;
				TARGETED_DEVICE_FAMILY = "1,2";
				USE_HEADERMAP = NO;
				VERSIONING_SYSTEM = "apple-generic";
				VERSION_INFO_PREFIX = "";
			};
			name = UITesting;
		};
		F08EBF85F4E45FDD94110D5F /* Debug */ = {
			isa = XCBuildConfiguration;
			buildSettings = {
				ALWAYS_SEARCH_USER_PATHS = NO;
				CLANG_ANALYZER_LOCALIZABILITY_NONLOCALIZED = YES;
				CLANG_ANALYZER_NONNULL = YES;
				CLANG_ANALYZER_NUMBER_OBJECT_CONVERSION = YES_AGGRESSIVE;
				CLANG_CXX_LANGUAGE_STANDARD = "gnu++14";
				CLANG_CXX_LIBRARY = "libc++";
				CLANG_ENABLE_MODULES = YES;
				CLANG_ENABLE_OBJC_ARC = YES;
				CLANG_ENABLE_OBJC_WEAK = YES;
				CLANG_WARN_BLOCK_CAPTURE_AUTORELEASING = YES;
				CLANG_WARN_BOOL_CONVERSION = YES;
				CLANG_WARN_COMMA = YES;
				CLANG_WARN_CONSTANT_CONVERSION = YES;
				CLANG_WARN_DEPRECATED_OBJC_IMPLEMENTATIONS = YES;
				CLANG_WARN_DIRECT_OBJC_ISA_USAGE = YES_ERROR;
				CLANG_WARN_DOCUMENTATION_COMMENTS = YES;
				CLANG_WARN_EMPTY_BODY = YES;
				CLANG_WARN_ENUM_CONVERSION = YES;
				CLANG_WARN_INFINITE_RECURSION = YES;
				CLANG_WARN_INT_CONVERSION = YES;
				CLANG_WARN_NON_LITERAL_NULL_CONVERSION = YES;
				CLANG_WARN_OBJC_IMPLICIT_RETAIN_SELF = YES;
				CLANG_WARN_OBJC_LITERAL_CONVERSION = YES;
				CLANG_WARN_OBJC_ROOT_CLASS = YES_ERROR;
				CLANG_WARN_QUOTED_INCLUDE_IN_FRAMEWORK_HEADER = YES;
				CLANG_WARN_RANGE_LOOP_ANALYSIS = YES;
				CLANG_WARN_STRICT_PROTOTYPES = YES;
				CLANG_WARN_SUSPICIOUS_MOVE = YES;
				CLANG_WARN_UNGUARDED_AVAILABILITY = YES_AGGRESSIVE;
				CLANG_WARN_UNREACHABLE_CODE = YES;
				CLANG_WARN__DUPLICATE_METHOD_MATCH = YES;
				COPY_PHASE_STRIP = NO;
				DEAD_CODE_STRIPPING = YES;
				DEBUG_INFORMATION_FORMAT = dwarf;
				ENABLE_STRICT_OBJC_MSGSEND = YES;
				ENABLE_TESTABILITY = YES;
				GCC_C_LANGUAGE_STANDARD = gnu11;
				GCC_DYNAMIC_NO_PIC = NO;
				GCC_NO_COMMON_BLOCKS = YES;
				GCC_OPTIMIZATION_LEVEL = 0;
				GCC_PREPROCESSOR_DEFINITIONS = (
					"DEBUG=1",
					"$(inherited)",
				);
				GCC_WARN_64_TO_32_BIT_CONVERSION = YES;
				GCC_WARN_ABOUT_RETURN_TYPE = YES_ERROR;
				GCC_WARN_UNDECLARED_SELECTOR = YES;
				GCC_WARN_UNINITIALIZED_AUTOS = YES_AGGRESSIVE;
				GCC_WARN_UNUSED_FUNCTION = YES;
				GCC_WARN_UNUSED_VARIABLE = YES;
				MTL_ENABLE_DEBUG_INFO = YES;
				ONLY_ACTIVE_ARCH = YES;
				PRODUCT_NAME = "$(TARGET_NAME)";
				SWIFT_VERSION = 5.0.0;
			};
			name = Debug;
		};
/* End XCBuildConfiguration section */

/* Begin XCConfigurationList section */
		3EAE4E5DA4262F2A6DD68080 /* Build configuration list for PBXNativeTarget "NeedleFoundation_ios" */ = {
			isa = XCConfigurationList;
			buildConfigurations = (
				BE289C69CAE1562729439FF1 /* Debug */,
				C4576CA7CB6F3BA0C7BF5AB8 /* Release */,
				DA361727EE7423A5F845B400 /* UITesting */,
			);
			defaultConfigurationIsVisible = 0;
			defaultConfigurationName = Release;
		};
		95A2A12689287AB545FE2ECC /* Build configuration list for PBXProject "NeedleFoundation" */ = {
			isa = XCConfigurationList;
			buildConfigurations = (
				F08EBF85F4E45FDD94110D5F /* Debug */,
				30527B1A58287AD2C70F8A79 /* Release */,
				80AAF62CBA6E8A833A7601D9 /* UITesting */,
			);
			defaultConfigurationIsVisible = 0;
			defaultConfigurationName = Release;
		};
/* End XCConfigurationList section */
	};
	rootObject = 35F378DF4FFE49607B90CF19 /* Project object */;
}
